
Microsoft Visual Studio Solution File, Format Version 12.00
# Visual Studio Version 16
VisualStudioVersion = 16.0.32428.217
MinimumVisualStudioVersion = 10.0.40219.1
Project("{FAE04EC0-301F-11D3-BF4B-00C04F79EFBC}") = "wpfCalculator", "wpfCalculator\wpfCalculator.csproj", "{01D59CE9-5FA2-4158-8C05-FC67BF7E159C}"
EndProject
Global
	GlobalSection(SolutionConfigurationPlatforms) = preSolution
		Debug|Any CPU = Debug|Any CPU
		Release|Any CPU = Release|Any CPU
	EndGlobalSection
	GlobalSection(ProjectConfigurationPlatforms) = postSolution
		{01D59CE9-5FA2-4158-8C05-FC67BF7E159C}.Debug|Any CPU.ActiveCfg = Debug|Any CPU
		{01D59CE9-5FA2-4158-8C05-FC67BF7E159C}.Debug|Any CPU.Build.0 = Debug|Any CPU
		{01D59CE9-5FA2-4158-8C05-FC67BF7E159C}.Release|Any CPU.ActiveCfg = Release|Any CPU
		{01D59CE9-5FA2-4158-8C05-FC67BF7E159C}.Release|Any CPU.Build.0 = Release|Any CPU
	EndGlobalSection
	GlobalSection(SolutionProperties) = preSolution
		HideSolutionNode = FALSE
	EndGlobalSection
	GlobalSection(ExtensibilityGlobals) = postSolution
		SolutionGuid = {407D6801-5A4C-4C20-B312-AAF54649BA72}
	EndGlobalSection
EndGlobal
